{
  "version": 4,
  "terraform_version": "1.14.8",
  "serial": 112,
  "lineage": "8fd2bebe-614c-e309-46ed-85b65e57c58f",
  "outputs": {
    "vm_names": {
      "value": {
        "vm-1": "vm-1",
        "vm-2": "vm-2"
      },
      "type": [
        "object",
        {
          "vm-1": "string",
          "vm-2": "string"
        }
      ]
    }
  },
  "resources": [
    {
      "module": "module.rg",
      "mode": "managed",
      "type": "azurerm_resource_group",
      "name": "rg",
      "provider": "provider[\"registry.terraform.io/hashicorp/azurerm\"]",
      "instances": [
        {
          "schema_version": 0,
          "attributes": {
            "id": "/subscriptions/3d1a298f-2096-4944-8fe5-306e7704bfa4/resourceGroups/rg-appgw-lab",
            "location": "westeurope",
            "managed_by": "",
            "name": "rg-appgw-lab",
            "tags": null,
            "timeouts": null
          },
          "sensitive_attributes": [],
          "identity_schema_version": 0,
          "private": "eyJlMmJmYjczMC1lY2FhLTExZTYtOGY4OC0zNDM2M2JjN2M0YzAiOnsiY3JlYXRlIjo1NDAwMDAwMDAwMDAwLCJkZWxldGUiOjU0MDAwMDAwMDAwMDAsInJlYWQiOjMwMDAwMDAwMDAwMCwidXBkYXRlIjo1NDAwMDAwMDAwMDAwfX0="
        }
      ]
    }
  ],
  "check_results": null
}
